
Microsoft Visual Studio Solution File, Format Version 12.00
# Visual Studio Version 17
VisualStudioVersion = 17.11.35219.272
MinimumVisualStudioVersion = 10.0.40219.1
Project("{FAE04EC0-301F-11D3-BF4B-00C04F79EFBC}") = "XamlTranslater", "XamlTranslater\XamlTranslater.csproj", "{EE7B972C-FFAC-41F7-9D41-6B61FEC33F27}"
EndProject
Global
	GlobalSection(SolutionConfigurationPlatforms) = preSolution
		Debug|Any CPU = Debug|Any CPU
		Release|Any CPU = Release|Any CPU
	EndGlobalSection
	GlobalSection(ProjectConfigurationPlatforms) = postSolution
		{EE7B972C-FFAC-41F7-9D41-6B61FEC33F27}.Debug|Any CPU.ActiveCfg = Debug|Any CPU
		{EE7B972C-FFAC-41F7-9D41-6B61FEC33F27}.Debug|Any CPU.Build.0 = Debug|Any CPU
		{EE7B972C-FFAC-41F7-9D41-6B61FEC33F27}.Release|Any CPU.ActiveCfg = Release|Any CPU
		{EE7B972C-FFAC-41F7-9D41-6B61FEC33F27}.Release|Any CPU.Build.0 = Release|Any CPU
	EndGlobalSection
	GlobalSection(SolutionProperties) = preSolution
		HideSolutionNode = FALSE
	EndGlobalSection
	GlobalSection(ExtensibilityGlobals) = postSolution
		SolutionGuid = {AEA4643F-6D32-4CDD-A49C-F5DAF4367BC2}
	EndGlobalSection
EndGlobal
